
Microsoft Visual Studio Solution File, Format Version 12.00
# Visual Studio Version 17
VisualStudioVersion = 17.8.34330.188
MinimumVisualStudioVersion = 10.0.40219.1
Project("{FAE04EC0-301F-11D3-BF4B-00C04F79EFBC}") = "LongRunningTasks.Core", "LongRunningTasks.Core\LongRunningTasks.Core.csproj", "{F9D51D0D-CC50-4B6E-A248-F76DC5ACD875}"
EndProject
Global
	GlobalSection(SolutionConfigurationPlatforms) = preSolution
		Debug|Any CPU = Debug|Any CPU
		Release|Any CPU = Release|Any CPU
	EndGlobalSection
	GlobalSection(ProjectConfigurationPlatforms) = postSolution
		{F9D51D0D-CC50-4B6E-A248-F76DC5ACD875}.Debug|Any CPU.ActiveCfg = Debug|Any CPU
		{F9D51D0D-CC50-4B6E-A248-F76DC5ACD875}.Debug|Any CPU.Build.0 = Debug|Any CPU
		{F9D51D0D-CC50-4B6E-A248-F76DC5ACD875}.Release|Any CPU.ActiveCfg = Release|Any CPU
		{F9D51D0D-CC50-4B6E-A248-F76DC5ACD875}.Release|Any CPU.Build.0 = Release|Any CPU
	EndGlobalSection
	GlobalSection(SolutionProperties) = preSolution
		HideSolutionNode = FALSE
	EndGlobalSection
	GlobalSection(ExtensibilityGlobals) = postSolution
		SolutionGuid = {605781E7-4DE3-4C62-9A9F-A1C7A9CBDA73}
	EndGlobalSection
EndGlobal
